Microsoft Visual Studio Solution File, Format Version 12.00
# Visual Studio Version 17
VisualStudioVersion = 17.5.2.0
MinimumVisualStudioVersion = 10.0.40219.1
Project("{FAE04EC0-301F-11D3-BF4B-00C04F79EFBC}") = "FYP-MusicGame-Backend", "FYP-MusicGame-Backend.csproj", "{F1A076D0-C35B-A5BB-4DA5-1E9475BCB159}"
EndProject
Global
	GlobalSection(SolutionConfigurationPlatforms) = preSolution
		Debug|Any CPU = Debug|Any CPU
		Release|Any CPU = Release|Any CPU
	EndGlobalSection
	GlobalSection(ProjectConfigurationPlatforms) = postSolution
		{F1A076D0-C35B-A5BB-4DA5-1E9475BCB159}.Debug|Any CPU.ActiveCfg = Debug|Any CPU
		{F1A076D0-C35B-A5BB-4DA5-1E9475BCB159}.Debug|Any CPU.Build.0 = Debug|Any CPU
		{F1A076D0-C35B-A5BB-4DA5-1E9475BCB159}.Release|Any CPU.ActiveCfg = Release|Any CPU
		{F1A076D0-C35B-A5BB-4DA5-1E9475BCB159}.Release|Any CPU.Build.0 = Release|Any CPU
	EndGlobalSection
	GlobalSection(SolutionProperties) = preSolution
		HideSolutionNode = FALSE
	EndGlobalSection
	GlobalSection(ExtensibilityGlobals) = postSolution
		SolutionGuid = {462A6A66-85BB-4AD1-B74D-670E89A97CDD}
	EndGlobalSection
EndGlobal
